PODS:
  - Flutter (1.0.0)
  - flutter_spam (0.0.1):
    - Flutter

DEPENDENCIES:
  - Flutter (from `Flutter`)
  - flutter_spam (from `.symlinks/plugins/flutter_spam/ios`)

EXTERNAL SOURCES:
  Flutter:
    :path: Flutter
  flutter_spam:
    :path: ".symlinks/plugins/flutter_spam/ios"

SPEC CHECKSUMS:
  Flutter: 0e3d915762c693b495b44d77113d4970485de6ec
  flutter_spam: 59bb3f3d183ff2773359a895eebc63a3fe336f28

PODFILE CHECKSUM: c34e2287a9ccaa606aeceab922830efb9a6ff69a

COCOAPODS: 1.8.4
